lockfileVersion: '9.0'

settings:
  autoInstallPeers: true
  excludeLinksFromLockfile: false

importers:

  .:
    devDependencies:
      '@deepseek-ai/dsh-tools':
        specifier: file:../../../vendor/dsh-desktop/vendor/dsh-runtime/0.1.2-rc.1/deepseek-ai-dsh-tools-0.1.2-rc.1.tgz
        version: file:../../../vendor/dsh-desktop/vendor/dsh-runtime/0.1.2-rc.1/deepseek-ai-dsh-tools-0.1.2-rc.1.tgz(de5e1ff2d608fbe22667925341ad1dfc)
      '@types/node':
        specifier: ^22.20.2
        version: 22.20.2
      typescript:
        specifier: 5.6.3
        version: 5.6.3

packages:

  '@deepseek-ai/cordis@4.0.2':
    resolution: {integrity: sha512-asOnXP1TzFSFQlHb1iegDZp0z/8WD1c7YNrwJR/Tx2bzNuMXfcekE/I67Iv6SQXeLB4csxqCngzQKANP7gdw0g==}
    hasBin: true
    peerDependencies:
      '@deepseek-ai/cordis-plugin-include': ^1.0.7
      '@deepseek-ai/cordis-plugin-loader': ^1.0.3
    peerDependenciesMeta:
      '@deepseek-ai/cordis-plugin-include':
        optional: true
      '@deepseek-ai/cordis-plugin-loader':
        optional: true

  '@deepseek-ai/cosmokit@1.8.3':
    resolution: {integrity: sha512-qBo+ronVM6Eu2WNVJXi8JcMiqZ19T9BRIpV+5qJUFPXjGH/Z0QKcQMC/IZJ7L394YTOtJgcovbk9qP0w2GsBXQ==}

  '@deepseek-ai/dsh-agent@0.1.2-rc.1':
    resolution: {integrity: sha512-lfaqN34vUCWvbn1kJVHrhfJ6Dvt1HDHCm33ZCpmKkl07/5q6FxWqVv6rOdVX5QnM/9xz/uYiN0nQwUtBg4+Skg==}
    peerDependencies:
      '@deepseek-ai/cordis': ^4.0.2
      '@deepseek-ai/dsh-invariants': ^0.1.2-rc.1
      '@deepseek-ai/dsh-llm': ^0.1.2-rc.1
      '@deepseek-ai/dsh-scope': ^0.1.2-rc.1
      '@deepseek-ai/dsh-session': ^0.1.2-rc.1
      '@deepseek-ai/dsh-session-projection': ^0.1.2-rc.1
      '@deepseek-ai/dsh-system-prompt': ^0.1.2-rc.1
      '@deepseek-ai/dsh-typert-protocol': ^0.1.2-rc.1

  '@deepseek-ai/dsh-brand@0.1.2-rc.1':
    resolution: {integrity: sha512-y2RHIag3kzLdY8kTBuSUSTsKzWPscJrysNObXTiNM7stXLpa3jXpshsB1caqGzNx50vYcmHeN1gFVECgx3NZHg==}
    peerDependencies:
      '@deepseek-ai/cordis': ^4.0.2

  '@deepseek-ai/dsh-code-runtime@0.1.2-rc.1':
    resolution: {integrity: sha512-dv5UszPJb/AFcarZc2c6h5z/X80bsrSd3bfIOugwNVclSI6P+L3ixseoZKgyks7T0Ap0h6ngXGk2WeoUkmYxnQ==}
    peerDependencies:
      '@deepseek-ai/cordis': ^4.0.2

  '@deepseek-ai/dsh-invariants@0.1.2-rc.1':
    resolution: {integrity: sha512-zSjuFJYcEB94kPwn7SicqAV1dfVWZkjt1I8luDboxtjfp5CN6ziwJhLv3KaB+Dh9tgkyGY4mvo886W/HhE9L9g==}
    peerDependencies:
      '@deepseek-ai/cordis': ^4.0.2

  '@deepseek-ai/dsh-llm@0.1.2-rc.1':
    resolution: {integrity: sha512-7VYsha5AXsVLnsAwYJffWXz9bwUbElw8i5N8tlTSdai9Bupk3sMbsotzPf8ZbsuGAxQYErahMwQwgGEu4qZO6g==}
    peerDependencies:
      '@deepseek-ai/cordis': ^4.0.2

  '@deepseek-ai/dsh-scope@0.1.2-rc.1':
    resolution: {integrity: sha512-GHwbzWrGbmE0ZGzAZsXBudpyCM9ENCpXxlKODIaPFbIWhRePh6nH2jW47TAOqCIsPPedWC2p3w8Tx5WAa3I/2A==}
    peerDependencies:
      '@deepseek-ai/cordis': ^4.0.2
      '@deepseek-ai/dsh-invariants': ^0.1.2-rc.1

  '@deepseek-ai/dsh-session-projection@0.1.2-rc.1':
    resolution: {integrity: sha512-qVWlIzPm4u9vzQ5G/QtE6jeSJ3b3b42hWVJj664BurEZlHbAfdqkhYc1QsoBU+5k5kUEJFHh07z8HxuXA9kTnQ==}
    peerDependencies:
      '@deepseek-ai/cordis': ^4.0.2
      '@deepseek-ai/dsh-session': ^0.1.2-rc.1

  '@deepseek-ai/dsh-session@0.1.2-rc.1':
    resolution: {integrity: sha512-jRGNPTbQcvIx1F2MVmmkoiHLgpC3Btqo1wkl/3JDLlOWRVWKOuaC+5fQiMrFPOYfno6YiX/c2UvmA0td8qB92w==}
    peerDependencies:
      '@deepseek-ai/cordis': ^4.0.2
      '@deepseek-ai/dsh-scope': ^0.1.2-rc.1

  '@deepseek-ai/dsh-system-prompt@0.1.2-rc.1':
    resolution: {integrity: sha512-7W93PZKIk4CHvjZGgLIxrrEKpk+6t8nQXje1vKR5vG73dfXH0t1MJ5WWH/fngadYc7c6KzM84ihQ66tJqJqyNQ==}
    peerDependencies:
      '@deepseek-ai/cordis': ^4.0.2
      '@deepseek-ai/dsh-invariants': ^0.1.2-rc.1
      '@deepseek-ai/dsh-llm': ^0.1.2-rc.1
      '@deepseek-ai/dsh-scope': ^0.1.2-rc.1

  '@deepseek-ai/dsh-timeout@0.1.2-rc.1':
    resolution: {integrity: sha512-llz11yxWeJB8suKCa6hRLjNBWVaPn3Fbd0XoBS0bkZLhPFzO1mDorx/XMca2GhI7XF9A86CURQcDt+aGjjvqJA==}
    peerDependencies:
      '@deepseek-ai/cordis': ^4.0.2

  '@deepseek-ai/dsh-tools@file:../../../vendor/dsh-desktop/vendor/dsh-runtime/0.1.2-rc.1/deepseek-ai-dsh-tools-0.1.2-rc.1.tgz':
    resolution: {integrity: sha512-8SOpARf/nGWQNh7sb6enUK77amJbF+AnyDd9R98Y0g/bQgpB5Qjo6C6m0mj+5qvJ7BU1iVzApiZO72IPyX9dFw==, tarball: file:../../../vendor/dsh-desktop/vendor/dsh-runtime/0.1.2-rc.1/deepseek-ai-dsh-tools-0.1.2-rc.1.tgz}
    version: 0.1.2-rc.1
    peerDependencies:
      '@deepseek-ai/cordis': ^4.0.2
      '@deepseek-ai/dsh-agent': ^0.1.2-rc.1
      '@deepseek-ai/dsh-code-runtime': ^0.1.2-rc.1
      '@deepseek-ai/dsh-invariants': ^0.1.2-rc.1
      '@deepseek-ai/dsh-llm': ^0.1.2-rc.1
      '@deepseek-ai/dsh-scope': ^0.1.2-rc.1
      '@deepseek-ai/dsh-session': ^0.1.2-rc.1
      '@deepseek-ai/dsh-system-prompt': ^0.1.2-rc.1
      '@deepseek-ai/dsh-user-approval': ^0.1.2-rc.1

  '@deepseek-ai/dsh-typert-protocol@0.1.2-rc.1':
    resolution: {integrity: sha512-vBWD0NpriPd96ltbWaAw+iKeWFIEjiAcCWYtmqEcV1Ms+FaV02usjjm7LCmhSQhMZpBSBc7EZUX0spGlpjI1bA==}
    peerDependencies:
      '@deepseek-ai/cordis': ^4.0.2

  '@deepseek-ai/dsh-user-approval@0.1.2-rc.1':
    resolution: {integrity: sha512-oYkLE4a/TwqVNi299pUf/QP1Yku6KScdUCTUyYbjaRBcN+/pXPpHikl2aoE2thH9D0uT/Kj6T2kz+wDDcFd9Xg==}
    peerDependencies:
      '@deepseek-ai/cordis': ^4.0.2
      '@deepseek-ai/dsh-agent': ^0.1.2-rc.1
      '@deepseek-ai/dsh-brand': ^0.1.2-rc.1
      '@deepseek-ai/dsh-invariants': ^0.1.2-rc.1
      '@deepseek-ai/dsh-llm': ^0.1.2-rc.1
      '@deepseek-ai/dsh-scope': ^0.1.2-rc.1
      '@deepseek-ai/dsh-session': ^0.1.2-rc.1
      '@deepseek-ai/dsh-system-prompt': ^0.1.2-rc.1

  '@deepseek-ai/dsh-util-crypto@0.1.2-rc.1':
    resolution: {integrity: sha512-gE8FznQ1hkknw9QMrHNSlm3UEyRYuj3MLVvlJ6NyH1kmOsdjnbrVbSs+Pn72k2oIV4Fiyu3Umg0sLznUEcsiXw==}
    peerDependencies:
      '@deepseek-ai/cordis': ^4.0.2

  '@deepseek-ai/dsh-util-values@0.1.2-rc.1':
    resolution: {integrity: sha512-FQdgoK+KYVR0pBQb9fTsajvGb3gzUxEzJQEYnFOt+Qdwc4nkxJOPwJJdIvXuqvZaQ33DaOoqpnpcr2p5HpLu4g==}
    peerDependencies:
      '@deepseek-ai/cordis': ^4.0.2

  '@deepseek-ai/schemastery@3.18.2':
    resolution: {integrity: sha512-njDtZsznjYxok7KLLlHOPyuv2efdWVbSflAHgztSfbMsg+CVraEoRe2DjOCgClYv3ZCSm7WXoaUkbB/+RY7tWQ==}

  '@standard-schema/spec@1.1.0':
    resolution: {integrity: sha512-l2aFy5jALhniG5HgqrD6jXLi/rUWrKvqN/qJx6yoJsgKhblVd+iqqU4RCXavm/jPityDo5TCvKMnpjKnOriy0w==}

  '@types/node@22.20.2':
    resolution: {integrity: sha512-xlvWf4Vs9n1PEVYwP1n4vvG07M6y8WgvJ2t0vbrWTmijsIHp1cS+uJ2kMIRdY3nHZK0nCYKrPeD171+SzF4/zw==}

  typescript@5.6.3:
    resolution: {integrity: sha512-hjcS1mhfuyi4WW8IWtjP7brDrG2cuDZukyrYrSauoXGNgx0S7zceP07adYkJycEr56BOUTNPzbInooiN3fn1qw==}
    engines: {node: '>=14.17'}
    hasBin: true

  undici-types@6.21.0:
    resolution: {integrity: sha512-iwDZqg0QAGrg9Rav5H4n0M64c3mkR59cJ6wQp+7C4nI0gsmExaedaYLNO44eT4AtBBwjbTiGPMlt2Md0T9H9JQ==}

  zod@4.6.2:
    resolution: {integrity: sha512-lh5RCAGFa1Cm2hjtNwLQhSs/AsqdWnTQaBER9fEwN/88pSh7KOtJavtBx/0VlkN/uFd61SwYmljLMDAsHlvzBQ==}

snapshots:

  '@deepseek-ai/cordis@4.0.2':
    dependencies:
      '@deepseek-ai/cosmokit': 1.8.3
      '@standard-schema/spec': 1.1.0

  '@deepseek-ai/cosmokit@1.8.3': {}

  '@deepseek-ai/dsh-agent@0.1.2-rc.1(6f833cf90b9dd3f0d529840b1aebfb48)':
    dependencies:
      '@deepseek-ai/cordis': 4.0.2
      '@deepseek-ai/dsh-invariants': 0.1.2-rc.1(@deepseek-ai/cordis@4.0.2)
      '@deepseek-ai/dsh-llm': 0.1.2-rc.1(@deepseek-ai/cordis@4.0.2)
      '@deepseek-ai/dsh-scope': 0.1.2-rc.1(@deepseek-ai/cordis@4.0.2)(@deepseek-ai/dsh-invariants@0.1.2-rc.1(@deepseek-ai/cordis@4.0.2))
      '@deepseek-ai/dsh-session': 0.1.2-rc.1(@deepseek-ai/cordis@4.0.2)(@deepseek-ai/dsh-scope@0.1.2-rc.1(@deepseek-ai/cordis@4.0.2)(@deepseek-ai/dsh-invariants@0.1.2-rc.1(@deepseek-ai/cordis@4.0.2)))
      '@deepseek-ai/dsh-session-projection': 0.1.2-rc.1(@deepseek-ai/cordis@4.0.2)(@deepseek-ai/dsh-session@0.1.2-rc.1(@deepseek-ai/cordis@4.0.2)(@deepseek-ai/dsh-scope@0.1.2-rc.1(@deepseek-ai/cordis@4.0.2)(@deepseek-ai/dsh-invariants@0.1.2-rc.1(@deepseek-ai/cordis@4.0.2))))
      '@deepseek-ai/dsh-system-prompt': 0.1.2-rc.1(@deepseek-ai/cordis@4.0.2)(@deepseek-ai/dsh-invariants@0.1.2-rc.1(@deepseek-ai/cordis@4.0.2))(@deepseek-ai/dsh-llm@0.1.2-rc.1(@deepseek-ai/cordis@4.0.2))(@deepseek-ai/dsh-scope@0.1.2-rc.1(@deepseek-ai/cordis@4.0.2)(@deepseek-ai/dsh-invariants@0.1.2-rc.1(@deepseek-ai/cordis@4.0.2)))
      '@deepseek-ai/dsh-typert-protocol': 0.1.2-rc.1(@deepseek-ai/cordis@4.0.2)

  '@deepseek-ai/dsh-brand@0.1.2-rc.1(@deepseek-ai/cordis@4.0.2)':
    dependencies:
      '@deepseek-ai/cordis': 4.0.2

  '@deepseek-ai/dsh-code-runtime@0.1.2-rc.1(@deepseek-ai/cordis@4.0.2)':
    dependencies:
      '@deepseek-ai/cordis': 4.0.2

  '@deepseek-ai/dsh-invariants@0.1.2-rc.1(@deepseek-ai/cordis@4.0.2)':
    dependencies:
      '@deepseek-ai/cordis': 4.0.2
      '@deepseek-ai/schemastery': 3.18.2

  '@deepseek-ai/dsh-llm@0.1.2-rc.1(@deepseek-ai/cordis@4.0.2)':
    dependencies:
      '@deepseek-ai/cordis': 4.0.2
      '@deepseek-ai/dsh-brand': 0.1.2-rc.1(@deepseek-ai/cordis@4.0.2)
      '@deepseek-ai/dsh-timeout': 0.1.2-rc.1(@deepseek-ai/cordis@4.0.2)
      '@deepseek-ai/dsh-typert-protocol': 0.1.2-rc.1(@deepseek-ai/cordis@4.0.2)
      '@deepseek-ai/dsh-util-crypto': 0.1.2-rc.1(@deepseek-ai/cordis@4.0.2)
      '@deepseek-ai/dsh-util-values': 0.1.2-rc.1(@deepseek-ai/cordis@4.0.2)
      '@deepseek-ai/schemastery': 3.18.2
      zod: 4.6.2

  '@deepseek-ai/dsh-scope@0.1.2-rc.1(@deepseek-ai/cordis@4.0.2)(@deepseek-ai/dsh-invariants@0.1.2-rc.1(@deepseek-ai/cordis@4.0.2))':
    dependencies:
      '@deepseek-ai/cordis': 4.0.2
      '@deepseek-ai/dsh-invariants': 0.1.2-rc.1(@deepseek-ai/cordis@4.0.2)

  '@deepseek-ai/dsh-session-projection@0.1.2-rc.1(@deepseek-ai/cordis@4.0.2)(@deepseek-ai/dsh-session@0.1.2-rc.1(@deepseek-ai/cordis@4.0.2)(@deepseek-ai/dsh-scope@0.1.2-rc.1(@deepseek-ai/cordis@4.0.2)(@deepseek-ai/dsh-invariants@0.1.2-rc.1(@deepseek-ai/cordis@4.0.2))))':
    dependencies:
      '@deepseek-ai/cordis': 4.0.2
      '@deepseek-ai/dsh-session': 0.1.2-rc.1(@deepseek-ai/cordis@4.0.2)(@deepseek-ai/dsh-scope@0.1.2-rc.1(@deepseek-ai/cordis@4.0.2)(@deepseek-ai/dsh-invariants@0.1.2-rc.1(@deepseek-ai/cordis@4.0.2)))
      zod: 4.6.2

  '@deepseek-ai/dsh-session@0.1.2-rc.1(@deepseek-ai/cordis@4.0.2)(@deepseek-ai/dsh-scope@0.1.2-rc.1(@deepseek-ai/cordis@4.0.2)(@deepseek-ai/dsh-invariants@0.1.2-rc.1(@deepseek-ai/cordis@4.0.2)))':
    dependencies:
      '@deepseek-ai/cordis': 4.0.2
      '@deepseek-ai/dsh-brand': 0.1.2-rc.1(@deepseek-ai/cordis@4.0.2)
      '@deepseek-ai/dsh-llm': 0.1.2-rc.1(@deepseek-ai/cordis@4.0.2)
      '@deepseek-ai/dsh-scope': 0.1.2-rc.1(@deepseek-ai/cordis@4.0.2)(@deepseek-ai/dsh-invariants@0.1.2-rc.1(@deepseek-ai/cordis@4.0.2))
      '@deepseek-ai/dsh-util-values': 0.1.2-rc.1(@deepseek-ai/cordis@4.0.2)

  '@deepseek-ai/dsh-system-prompt@0.1.2-rc.1(@deepseek-ai/cordis@4.0.2)(@deepseek-ai/dsh-invariants@0.1.2-rc.1(@deepseek-ai/cordis@4.0.2))(@deepseek-ai/dsh-llm@0.1.2-rc.1(@deepseek-ai/cordis@4.0.2))(@deepseek-ai/dsh-scope@0.1.2-rc.1(@deepseek-ai/cordis@4.0.2)(@deepseek-ai/dsh-invariants@0.1.2-rc.1(@deepseek-ai/cordis@4.0.2)))':
    dependencies:
      '@deepseek-ai/cordis': 4.0.2
      '@deepseek-ai/dsh-invariants': 0.1.2-rc.1(@deepseek-ai/cordis@4.0.2)
      '@deepseek-ai/dsh-llm': 0.1.2-rc.1(@deepseek-ai/cordis@4.0.2)
      '@deepseek-ai/dsh-scope': 0.1.2-rc.1(@deepseek-ai/cordis@4.0.2)(@deepseek-ai/dsh-invariants@0.1.2-rc.1(@deepseek-ai/cordis@4.0.2))
      '@deepseek-ai/schemastery': 3.18.2

  '@deepseek-ai/dsh-timeout@0.1.2-rc.1(@deepseek-ai/cordis@4.0.2)':
    dependencies:
      '@deepseek-ai/cordis': 4.0.2

  '@deepseek-ai/dsh-tools@file:../../../vendor/dsh-desktop/vendor/dsh-runtime/0.1.2-rc.1/deepseek-ai-dsh-tools-0.1.2-rc.1.tgz(de5e1ff2d608fbe22667925341ad1dfc)':
    dependencies:
      '@deepseek-ai/cordis': 4.0.2
      '@deepseek-ai/dsh-agent': 0.1.2-rc.1(6f833cf90b9dd3f0d529840b1aebfb48)
      '@deepseek-ai/dsh-brand': 0.1.2-rc.1(@deepseek-ai/cordis@4.0.2)
      '@deepseek-ai/dsh-code-runtime': 0.1.2-rc.1(@deepseek-ai/cordis@4.0.2)
      '@deepseek-ai/dsh-invariants': 0.1.2-rc.1(@deepseek-ai/cordis@4.0.2)
      '@deepseek-ai/dsh-llm': 0.1.2-rc.1(@deepseek-ai/cordis@4.0.2)
      '@deepseek-ai/dsh-scope': 0.1.2-rc.1(@deepseek-ai/cordis@4.0.2)(@deepseek-ai/dsh-invariants@0.1.2-rc.1(@deepseek-ai/cordis@4.0.2))
      '@deepseek-ai/dsh-session': 0.1.2-rc.1(@deepseek-ai/cordis@4.0.2)(@deepseek-ai/dsh-scope@0.1.2-rc.1(@deepseek-ai/cordis@4.0.2)(@deepseek-ai/dsh-invariants@0.1.2-rc.1(@deepseek-ai/cordis@4.0.2)))
      '@deepseek-ai/dsh-system-prompt': 0.1.2-rc.1(@deepseek-ai/cordis@4.0.2)(@deepseek-ai/dsh-invariants@0.1.2-rc.1(@deepseek-ai/cordis@4.0.2))(@deepseek-ai/dsh-llm@0.1.2-rc.1(@deepseek-ai/cordis@4.0.2))(@deepseek-ai/dsh-scope@0.1.2-rc.1(@deepseek-ai/cordis@4.0.2)(@deepseek-ai/dsh-invariants@0.1.2-rc.1(@deepseek-ai/cordis@4.0.2)))
      '@deepseek-ai/dsh-user-approval': 0.1.2-rc.1(@deepseek-ai/cordis@4.0.2)(@deepseek-ai/dsh-agent@0.1.2-rc.1(6f833cf90b9dd3f0d529840b1aebfb48))(@deepseek-ai/dsh-brand@0.1.2-rc.1(@deepseek-ai/cordis@4.0.2))(@deepseek-ai/dsh-invariants@0.1.2-rc.1(@deepseek-ai/cordis@4.0.2))(@deepseek-ai/dsh-llm@0.1.2-rc.1(@deepseek-ai/cordis@4.0.2))(@deepseek-ai/dsh-scope@0.1.2-rc.1(@deepseek-ai/cordis@4.0.2)(@deepseek-ai/dsh-invariants@0.1.2-rc.1(@deepseek-ai/cordis@4.0.2)))(@deepseek-ai/dsh-session@0.1.2-rc.1(@deepseek-ai/cordis@4.0.2)(@deepseek-ai/dsh-scope@0.1.2-rc.1(@deepseek-ai/cordis@4.0.2)(@deepseek-ai/dsh-invariants@0.1.2-rc.1(@deepseek-ai/cordis@4.0.2))))(@deepseek-ai/dsh-system-prompt@0.1.2-rc.1(@deepseek-ai/cordis@4.0.2)(@deepseek-ai/dsh-invariants@0.1.2-rc.1(@deepseek-ai/cordis@4.0.2))(@deepseek-ai/dsh-llm@0.1.2-rc.1(@deepseek-ai/cordis@4.0.2))(@deepseek-ai/dsh-scope@0.1.2-rc.1(@deepseek-ai/cordis@4.0.2)(@deepseek-ai/dsh-invariants@0.1.2-rc.1(@deepseek-ai/cordis@4.0.2))))
      '@deepseek-ai/dsh-util-values': 0.1.2-rc.1(@deepseek-ai/cordis@4.0.2)
      '@deepseek-ai/schemastery': 3.18.2

  '@deepseek-ai/dsh-typert-protocol@0.1.2-rc.1(@deepseek-ai/cordis@4.0.2)':
    dependencies:
      '@deepseek-ai/cordis': 4.0.2

  '@deepseek-ai/dsh-user-approval@0.1.2-rc.1(@deepseek-ai/cordis@4.0.2)(@deepseek-ai/dsh-agent@0.1.2-rc.1(6f833cf90b9dd3f0d529840b1aebfb48))(@deepseek-ai/dsh-brand@0.1.2-rc.1(@deepseek-ai/cordis@4.0.2))(@deepseek-ai/dsh-invariants@0.1.2-rc.1(@deepseek-ai/cordis@4.0.2))(@deepseek-ai/dsh-llm@0.1.2-rc.1(@deepseek-ai/cordis@4.0.2))(@deepseek-ai/dsh-scope@0.1.2-rc.1(@deepseek-ai/cordis@4.0.2)(@deepseek-ai/dsh-invariants@0.1.2-rc.1(@deepseek-ai/cordis@4.0.2)))(@deepseek-ai/dsh-session@0.1.2-rc.1(@deepseek-ai/cordis@4.0.2)(@deepseek-ai/dsh-scope@0.1.2-rc.1(@deepseek-ai/cordis@4.0.2)(@deepseek-ai/dsh-invariants@0.1.2-rc.1(@deepseek-ai/cordis@4.0.2))))(@deepseek-ai/dsh-system-prompt@0.1.2-rc.1(@deepseek-ai/cordis@4.0.2)(@deepseek-ai/dsh-invariants@0.1.2-rc.1(@deepseek-ai/cordis@4.0.2))(@deepseek-ai/dsh-llm@0.1.2-rc.1(@deepseek-ai/cordis@4.0.2))(@deepseek-ai/dsh-scope@0.1.2-rc.1(@deepseek-ai/cordis@4.0.2)(@deepseek-ai/dsh-invariants@0.1.2-rc.1(@deepseek-ai/cordis@4.0.2))))':
    dependencies:
      '@deepseek-ai/cordis': 4.0.2
      '@deepseek-ai/dsh-agent': 0.1.2-rc.1(6f833cf90b9dd3f0d529840b1aebfb48)
      '@deepseek-ai/dsh-brand': 0.1.2-rc.1(@deepseek-ai/cordis@4.0.2)
      '@deepseek-ai/dsh-invariants': 0.1.2-rc.1(@deepseek-ai/cordis@4.0.2)
      '@deepseek-ai/dsh-llm': 0.1.2-rc.1(@deepseek-ai/cordis@4.0.2)
      '@deepseek-ai/dsh-scope': 0.1.2-rc.1(@deepseek-ai/cordis@4.0.2)(@deepseek-ai/dsh-invariants@0.1.2-rc.1(@deepseek-ai/cordis@4.0.2))
      '@deepseek-ai/dsh-session': 0.1.2-rc.1(@deepseek-ai/cordis@4.0.2)(@deepseek-ai/dsh-scope@0.1.2-rc.1(@deepseek-ai/cordis@4.0.2)(@deepseek-ai/dsh-invariants@0.1.2-rc.1(@deepseek-ai/cordis@4.0.2)))
      '@deepseek-ai/dsh-system-prompt': 0.1.2-rc.1(@deepseek-ai/cordis@4.0.2)(@deepseek-ai/dsh-invariants@0.1.2-rc.1(@deepseek-ai/cordis@4.0.2))(@deepseek-ai/dsh-llm@0.1.2-rc.1(@deepseek-ai/cordis@4.0.2))(@deepseek-ai/dsh-scope@0.1.2-rc.1(@deepseek-ai/cordis@4.0.2)(@deepseek-ai/dsh-invariants@0.1.2-rc.1(@deepseek-ai/cordis@4.0.2)))
      '@deepseek-ai/schemastery': 3.18.2

  '@deepseek-ai/dsh-util-crypto@0.1.2-rc.1(@deepseek-ai/cordis@4.0.2)':
    dependencies:
      '@deepseek-ai/cordis': 4.0.2

  '@deepseek-ai/dsh-util-values@0.1.2-rc.1(@deepseek-ai/cordis@4.0.2)':
    dependencies:
      '@deepseek-ai/cordis': 4.0.2

  '@deepseek-ai/schemastery@3.18.2':
    dependencies:
      '@deepseek-ai/cosmokit': 1.8.3
      '@standard-schema/spec': 1.1.0

  '@standard-schema/spec@1.1.0': {}

  '@types/node@22.20.2':
    dependencies:
      undici-types: 6.21.0

  typescript@5.6.3: {}

  undici-types@6.21.0: {}

  zod@4.6.2: {}
